
Microsoft Visual Studio Solution File, Format Version 12.00
# Visual Studio Version 17
VisualStudioVersion = 17.0.31903.59
MinimumVisualStudioVersion = 10.0.40219.1
Project("{2150E333-8FDC-42A3-9474-1A3956D46DE8}") = "src", "src", "{827E0CD3-B72D-47B6-A68D-7590B98EB39B}"
EndProject
Project("{9A19103F-16F7-4668-BE54-9A1E7A4F7556}") = "Ube.Api", "src\Ube.Api\Ube.Api.csproj", "{1B4E603D-5551-4A29-ABD9-08CC3AB543AB}"
EndProject
Project("{9A19103F-16F7-4668-BE54-9A1E7A4F7556}") = "Ube.Application", "src\Ube.Application\Ube.Application.csproj", "{0B6AC479-C11A-4373-B84B-F7551270D771}"
EndProject
Project("{9A19103F-16F7-4668-BE54-9A1E7A4F7556}") = "Ube.Domain", "src\Ube.Domain\Ube.Domain.csproj", "{FC857A6E-537F-4085-B40C-3B415D1EC9EA}"
EndProject
Project("{9A19103F-16F7-4668-BE54-9A1E7A4F7556}") = "Ube.Infrastructure", "src\Ube.Infrastructure\Ube.Infrastructure.csproj", "{0F92E74D-DEFA-4EB3-BFE5-8232B3801A89}"
EndProject
Global
	GlobalSection(SolutionConfigurationPlatforms) = preSolution
		Debug|Any CPU = Debug|Any CPU
		Debug|x64 = Debug|x64
		Debug|x86 = Debug|x86
		Release|Any CPU = Release|Any CPU
		Release|x64 = Release|x64
		Release|x86 = Release|x86
	EndGlobalSection
	GlobalSection(ProjectConfigurationPlatforms) = postSolution
		{1B4E603D-5551-4A29-ABD9-08CC3AB543AB}.Debug|Any CPU.ActiveCfg = Debug|Any CPU
		{1B4E603D-5551-4A29-ABD9-08CC3AB543AB}.Debug|Any CPU.Build.0 = Debug|Any CPU
		{1B4E603D-5551-4A29-ABD9-08CC3AB543AB}.Debug|x64.ActiveCfg = Debug|Any CPU
		{1B4E603D-5551-4A29-ABD9-08CC3AB543AB}.Debug|x64.Build.0 = Debug|Any CPU
		{1B4E603D-5551-4A29-ABD9-08CC3AB543AB}.Debug|x86.ActiveCfg = Debug|Any CPU
		{1B4E603D-5551-4A29-ABD9-08CC3AB543AB}.Debug|x86.Build.0 = Debug|Any CPU
		{1B4E603D-5551-4A29-ABD9-08CC3AB543AB}.Release|Any CPU.ActiveCfg = Release|Any CPU
		{1B4E603D-5551-4A29-ABD9-08CC3AB543AB}.Release|Any CPU.Build.0 = Release|Any CPU
		{1B4E603D-5551-4A29-ABD9-08CC3AB543AB}.Release|x64.ActiveCfg = Release|Any CPU
		{1B4E603D-5551-4A29-ABD9-08CC3AB543AB}.Release|x64.Build.0 = Release|Any CPU
		{1B4E603D-5551-4A29-ABD9-08CC3AB543AB}.Release|x86.ActiveCfg = Release|Any CPU
		{1B4E603D-5551-4A29-ABD9-08CC3AB543AB}.Release|x86.Build.0 = Release|Any CPU
		{0B6AC479-C11A-4373-B84B-F7551270D771}.Debug|Any CPU.ActiveCfg = Debug|Any CPU
		{0B6AC479-C11A-4373-B84B-F7551270D771}.Debug|Any CPU.Build.0 = Debug|Any CPU
		{0B6AC479-C11A-4373-B84B-F7551270D771}.Debug|x64.ActiveCfg = Debug|Any CPU
		{0B6AC479-C11A-4373-B84B-F7551270D771}.Debug|x64.Build.0 = Debug|Any CPU
		{0B6AC479-C11A-4373-B84B-F7551270D771}.Debug|x86.ActiveCfg = Debug|Any CPU
		{0B6AC479-C11A-4373-B84B-F7551270D771}.Debug|x86.Build.0 = Debug|Any CPU
		{0B6AC479-C11A-4373-B84B-F7551270D771}.Release|Any CPU.ActiveCfg = Release|Any CPU
		{0B6AC479-C11A-4373-B84B-F7551270D771}.Release|Any CPU.Build.0 = Release|Any CPU
		{0B6AC479-C11A-4373-B84B-F7551270D771}.Release|x64.ActiveCfg = Release|Any CPU
		{0B6AC479-C11A-4373-B84B-F7551270D771}.Release|x64.Build.0 = Release|Any CPU
		{0B6AC479-C11A-4373-B84B-F7551270D771}.Release|x86.ActiveCfg = Release|Any CPU
		{0B6AC479-C11A-4373-B84B-F7551270D771}.Release|x86.Build.0 = Release|Any CPU
		{FC857A6E-537F-4085-B40C-3B415D1EC9EA}.Debug|Any CPU.ActiveCfg = Debug|Any CPU
		{FC857A6E-537F-4085-B40C-3B415D1EC9EA}.Debug|Any CPU.Build.0 = Debug|Any CPU
		{FC857A6E-537F-4085-B40C-3B415D1EC9EA}.Debug|x64.ActiveCfg = Debug|Any CPU
		{FC857A6E-537F-4085-B40C-3B415D1EC9EA}.Debug|x64.Build.0 = Debug|Any CPU
		{FC857A6E-537F-4085-B40C-3B415D1EC9EA}.Debug|x86.ActiveCfg = Debug|Any CPU
		{FC857A6E-537F-4085-B40C-3B415D1EC9EA}.Debug|x86.Build.0 = Debug|Any CPU
		{FC857A6E-537F-4085-B40C-3B415D1EC9EA}.Release|Any CPU.ActiveCfg = Release|Any CPU
		{FC857A6E-537F-4085-B40C-3B415D1EC9EA}.Release|Any CPU.Build.0 = Release|Any CPU
		{FC857A6E-537F-4085-B40C-3B415D1EC9EA}.Release|x64.ActiveCfg = Release|Any CPU
		{FC857A6E-537F-4085-B40C-3B415D1EC9EA}.Release|x64.Build.0 = Release|Any CPU
		{FC857A6E-537F-4085-B40C-3B415D1EC9EA}.Release|x86.ActiveCfg = Release|Any CPU
		{FC857A6E-537F-4085-B40C-3B415D1EC9EA}.Release|x86.Build.0 = Release|Any CPU
		{0F92E74D-DEFA-4EB3-BFE5-8232B3801A89}.Debug|Any CPU.ActiveCfg = Debug|Any CPU
		{0F92E74D-DEFA-4EB3-BFE5-8232B3801A89}.Debug|Any CPU.Build.0 = Debug|Any CPU
		{0F92E74D-DEFA-4EB3-BFE5-8232B3801A89}.Debug|x64.ActiveCfg = Debug|Any CPU
		{0F92E74D-DEFA-4EB3-BFE5-8232B3801A89}.Debug|x64.Build.0 = Debug|Any CPU
		{0F92E74D-DEFA-4EB3-BFE5-8232B3801A89}.Debug|x86.ActiveCfg = Debug|Any CPU
		{0F92E74D-DEFA-4EB3-BFE5-8232B3801A89}.Debug|x86.Build.0 = Debug|Any CPU
		{0F92E74D-DEFA-4EB3-BFE5-8232B3801A89}.Release|Any CPU.ActiveCfg = Release|Any CPU
		{0F92E74D-DEFA-4EB3-BFE5-8232B3801A89}.Release|Any CPU.Build.0 = Release|Any CPU
		{0F92E74D-DEFA-4EB3-BFE5-8232B3801A89}.Release|x64.ActiveCfg = Release|Any CPU
		{0F92E74D-DEFA-4EB3-BFE5-8232B3801A89}.Release|x64.Build.0 = Release|Any CPU
		{0F92E74D-DEFA-4EB3-BFE5-8232B3801A89}.Release|x86.ActiveCfg = Release|Any CPU
		{0F92E74D-DEFA-4EB3-BFE5-8232B3801A89}.Release|x86.Build.0 = Release|Any CPU
	EndGlobalSection
	GlobalSection(SolutionProperties) = preSolution
		HideSolutionNode = FALSE
	EndGlobalSection
	GlobalSection(NestedProjects) = preSolution
		{1B4E603D-5551-4A29-ABD9-08CC3AB543AB} = {827E0CD3-B72D-47B6-A68D-7590B98EB39B}
		{0B6AC479-C11A-4373-B84B-F7551270D771} = {827E0CD3-B72D-47B6-A68D-7590B98EB39B}
		{FC857A6E-537F-4085-B40C-3B415D1EC9EA} = {827E0CD3-B72D-47B6-A68D-7590B98EB39B}
		{0F92E74D-DEFA-4EB3-BFE5-8232B3801A89} = {827E0CD3-B72D-47B6-A68D-7590B98EB39B}
	EndGlobalSection
EndGlobal
